
Microsoft Visual Studio Solution File, Format Version 12.00
# Visual Studio Version 17
VisualStudioVersion = 17.9.34728.123
MinimumVisualStudioVersion = 10.0.40219.1
Project("{FAE04EC0-301F-11D3-BF4B-00C04F79EFBC}") = "AjaxHomework", "AjaxHomework\AjaxHomework.csproj", "{3E861191-E899-440F-9383-6558A9093D57}"
EndProject
Global
	GlobalSection(SolutionConfigurationPlatforms) = preSolution
		Debug|Any CPU = Debug|Any CPU
		Release|Any CPU = Release|Any CPU
	EndGlobalSection
	GlobalSection(ProjectConfigurationPlatforms) = postSolution
		{3E861191-E899-440F-9383-6558A9093D57}.Debug|Any CPU.ActiveCfg = Debug|Any CPU
		{3E861191-E899-440F-9383-6558A9093D57}.Debug|Any CPU.Build.0 = Debug|Any CPU
		{3E861191-E899-440F-9383-6558A9093D57}.Release|Any CPU.ActiveCfg = Release|Any CPU
		{3E861191-E899-440F-9383-6558A9093D57}.Release|Any CPU.Build.0 = Release|Any CPU
	EndGlobalSection
	GlobalSection(SolutionProperties) = preSolution
		HideSolutionNode = FALSE
	EndGlobalSection
	GlobalSection(ExtensibilityGlobals) = postSolution
		SolutionGuid = {13DED47E-A0AB-4A4A-AA7C-183A448115E3}
	EndGlobalSection
EndGlobal
